
Microsoft Visual Studio Solution File, Format Version 12.00
# Visual Studio Version 17
VisualStudioVersion = 17.10.34916.146
MinimumVisualStudioVersion = 10.0.40219.1
Project("{FAE04EC0-301F-11D3-BF4B-00C04F79EFBC}") = "YMConnectApi", "YMConnectApi.csproj", "{01618962-FDE5-4E92-86EB-B9F180933771}"
EndProject
Global
	GlobalSection(SolutionConfigurationPlatforms) = preSolution
		Debug|Any CPU = Debug|Any CPU
		Release|Any CPU = Release|Any CPU
	EndGlobalSection
	GlobalSection(ProjectConfigurationPlatforms) = postSolution
		{01618962-FDE5-4E92-86EB-B9F180933771}.Debug|Any CPU.ActiveCfg = Debug|Any CPU
		{01618962-FDE5-4E92-86EB-B9F180933771}.Debug|Any CPU.Build.0 = Debug|Any CPU
		{01618962-FDE5-4E92-86EB-B9F180933771}.Release|Any CPU.ActiveCfg = Release|Any CPU
		{01618962-FDE5-4E92-86EB-B9F180933771}.Release|Any CPU.Build.0 = Release|Any CPU
	EndGlobalSection
	GlobalSection(SolutionProperties) = preSolution
		HideSolutionNode = FALSE
	EndGlobalSection
	GlobalSection(ExtensibilityGlobals) = postSolution
		SolutionGuid = {C4379F14-9ED6-4996-900C-B55D417EF97B}
	EndGlobalSection
EndGlobal
